
Microsoft Visual Studio Solution File, Format Version 12.00
# Visual Studio 15
VisualStudioVersion = 15.0.28307.852
MinimumVisualStudioVersion = 10.0.40219.1
Project("{FAE04EC0-301F-11D3-BF4B-00C04F79EFBC}") = "ChooseColor", "ChooseColor\ChooseColor.csproj", "{1EEE2845-EE41-40E0-A318-1B0D13E2DDDD}"
EndProject
Global
	GlobalSection(SolutionConfigurationPlatforms) = preSolution
		Debug|Any CPU = Debug|Any CPU
		Release|Any CPU = Release|Any CPU
	EndGlobalSection
	GlobalSection(ProjectConfigurationPlatforms) = postSolution
		{1EEE2845-EE41-40E0-A318-1B0D13E2DDDD}.Debug|Any CPU.ActiveCfg = Debug|Any CPU
		{1EEE2845-EE41-40E0-A318-1B0D13E2DDDD}.Debug|Any CPU.Build.0 = Debug|Any CPU
		{1EEE2845-EE41-40E0-A318-1B0D13E2DDDD}.Release|Any CPU.ActiveCfg = Release|Any CPU
		{1EEE2845-EE41-40E0-A318-1B0D13E2DDDD}.Release|Any CPU.Build.0 = Release|Any CPU
	EndGlobalSection
	GlobalSection(SolutionProperties) = preSolution
		HideSolutionNode = FALSE
	EndGlobalSection
	GlobalSection(ExtensibilityGlobals) = postSolution
		SolutionGuid = {B06167A5-DDB9-4E4A-9A7C-E885E7222A39}
	EndGlobalSection
EndGlobal
